
Microsoft Visual Studio Solution File, Format Version 12.00
# Visual Studio Version 17
VisualStudioVersion = 17.3.32901.215
MinimumVisualStudioVersion = 10.0.40219.1
Project("{FAE04EC0-301F-11D3-BF4B-00C04F79EFBC}") = "VerhuringCandyWebsite", "VerhuringCandyWebsite.csproj", "{88D4252D-057D-4304-AFAD-C6A8C52EC1BF}"
EndProject
Project("{FAE04EC0-301F-11D3-BF4B-00C04F79EFBC}") = "VerhuringCandyWebsite.Core", "..\VerhuringCandyWebsite.Core\VerhuringCandyWebsite.Core.csproj", "{80FE6182-0AE9-4A78-B1F1-4E3F1D714B75}"
EndProject
Project("{FAE04EC0-301F-11D3-BF4B-00C04F79EFBC}") = "VerhuringCandyWebsite.Infrastructure", "..\VerhuringCandyWebsite.Infrastructure\VerhuringCandyWebsite.Infrastructure.csproj", "{016480D4-FDA6-4538-A3A4-35A30CD5B3FF}"
EndProject
Global
	GlobalSection(SolutionConfigurationPlatforms) = preSolution
		Debug|Any CPU = Debug|Any CPU
		Release|Any CPU = Release|Any CPU
	EndGlobalSection
	GlobalSection(ProjectConfigurationPlatforms) = postSolution
		{88D4252D-057D-4304-AFAD-C6A8C52EC1BF}.Debug|Any CPU.ActiveCfg = Debug|Any CPU
		{88D4252D-057D-4304-AFAD-C6A8C52EC1BF}.Debug|Any CPU.Build.0 = Debug|Any CPU
		{88D4252D-057D-4304-AFAD-C6A8C52EC1BF}.Release|Any CPU.ActiveCfg = Release|Any CPU
		{88D4252D-057D-4304-AFAD-C6A8C52EC1BF}.Release|Any CPU.Build.0 = Release|Any CPU
		{80FE6182-0AE9-4A78-B1F1-4E3F1D714B75}.Debug|Any CPU.ActiveCfg = Debug|Any CPU
		{80FE6182-0AE9-4A78-B1F1-4E3F1D714B75}.Debug|Any CPU.Build.0 = Debug|Any CPU
		{80FE6182-0AE9-4A78-B1F1-4E3F1D714B75}.Release|Any CPU.ActiveCfg = Release|Any CPU
		{80FE6182-0AE9-4A78-B1F1-4E3F1D714B75}.Release|Any CPU.Build.0 = Release|Any CPU
		{016480D4-FDA6-4538-A3A4-35A30CD5B3FF}.Debug|Any CPU.ActiveCfg = Debug|Any CPU
		{016480D4-FDA6-4538-A3A4-35A30CD5B3FF}.Debug|Any CPU.Build.0 = Debug|Any CPU
		{016480D4-FDA6-4538-A3A4-35A30CD5B3FF}.Release|Any CPU.ActiveCfg = Release|Any CPU
		{016480D4-FDA6-4538-A3A4-35A30CD5B3FF}.Release|Any CPU.Build.0 = Release|Any CPU
	EndGlobalSection
	GlobalSection(SolutionProperties) = preSolution
		HideSolutionNode = FALSE
	EndGlobalSection
	GlobalSection(ExtensibilityGlobals) = postSolution
		SolutionGuid = {7D5BFB8F-80F0-4A1A-84FC-DCAE3A7773CE}
	EndGlobalSection
EndGlobal
